// !$*UTF8*$!
{
	archiveVersion = 1;
	classes = {
	};
	objectVersion = 56;
	objects = {

/* Begin PBXBuildFile section */
		AA306FBF2AE81BD400946FAA /* ScoreKeys.swift in Sources */ = {isa = PBXBuildFile; fileRef = AA306FBE2AE81BD400946FAA /* ScoreKeys.swift */; };
		AA834F302AE7B84500245C17 /* AppDelegate.swift in Sources */ = {isa = PBXBuildFile; fileRef = AA834F2F2AE7B84500245C17 /* AppDelegate.swift */; };
		AA834F322AE7B84500245C17 /* SceneDelegate.swift in Sources */ = {isa = PBXBuildFile; fileRef = AA834F312AE7B84500245C17 /* SceneDelegate.swift */; };
		AA834F372AE7B84500245C17 /* Main.storyboard in Resources */ = {isa = PBXBuildFile; fileRef = AA834F352AE7B84500245C17 /* Main.storyboard */; };
		AA834F3A2AE7B84500245C17 /* CatchKenny.xcdatamodeld in Sources */ = {isa = PBXBuildFile; fileRef = AA834F382AE7B84500245C17 /* CatchKenny.xcdatamodeld */; };
		AA834F3C2AE7B84600245C17 /* Assets.xcassets in Resources */ = {isa = PBXBuildFile; fileRef = AA834F3B2AE7B84600245C17 /* Assets.xcassets */; };
		AA834F3F2AE7B84600245C17 /* LaunchScreen.storyboard in Resources */ = {isa = PBXBuildFile; fileRef = AA834F3D2AE7B84600245C17 /* LaunchScreen.storyboard */; };
		AA834F472AE7C1A900245C17 /* ScoresController.swift in Sources */ = {isa = PBXBuildFile; fileRef = AA834F462AE7C1A900245C17 /* ScoresController.swift */; };
		AA834F492AE7D3D400245C17 /* GamesController.swift in Sources */ = {isa = PBXBuildFile; fileRef = AA834F482AE7D3D400245C17 /* GamesController.swift */; };
		AA834F4F2AE7DFF100245C17 /* HomePageController.swift in Sources */ = {isa = PBXBuildFile; fileRef = AA834F4E2AE7DFF100245C17 /* HomePageController.swift */; };
		AA834F542AE7FA0E00245C17 /* SegueKeys.swift in Sources */ = {isa = PBXBuildFile; fileRef = AA834F532AE7FA0E00245C17 /* SegueKeys.swift */; };
		AA834F562AE7FB0900245C17 /* TextConstants.swift in Sources */ = {isa = PBXBuildFile; fileRef = AA834F552AE7FB0900245C17 /* TextConstants.swift */; };
		AA834F592AE7FD1700245C17 /* Alert.swift in Sources */ = {isa = PBXBuildFile; fileRef = AA834F582AE7FD1700245C17 /* Alert.swift */; };
/* End PBXBuildFile section */

/* Begin PBXFileReference section */
		AA306FBE2AE81BD400946FAA /* ScoreKeys.swift */ = {isa = PBXFileReference; lastKnownFileType = sourcecode.swift; path = ScoreKeys.swift; sourceTree = "<group>"; };
		AA834F2C2AE7B84500245C17 /* CatchKenny.app */ = {isa = PBXFileReference; explicitFileType = wrapper.application; includeInIndex = 0; path = CatchKenny.app; sourceTree = BUILT_PRODUCTS_DIR; };
		AA834F2F2AE7B84500245C17 /* AppDelegate.swift */ = {isa = PBXFileReference; lastKnownFileType = sourcecode.swift; path = AppDelegate.swift; sourceTree = "<group>"; };
		AA834F312AE7B84500245C17 /* SceneDelegate.swift */ = {isa = PBXFileReference; lastKnownFileType = sourcecode.swift; path = SceneDelegate.swift; sourceTree = "<group>"; };
		AA834F362AE7B84500245C17 /* Base */ = {isa = PBXFileReference; lastKnownFileType = file.storyboard; name = Base; path = Base.lproj/Main.storyboard; sourceTree = "<group>"; };
		AA834F392AE7B84500245C17 /* CatchKenny.xcdatamodel */ = {isa = PBXFileReference; lastKnownFileType = wrapper.xcdatamodel; path = CatchKenny.xcdatamodel; sourceTree = "<group>"; };
		AA834F3B2AE7B84600245C17 /* Assets.xcassets */ = {isa = PBXFileReference; lastKnownFileType = folder.assetcatalog; path = Assets.xcassets; sourceTree = "<group>"; };
		AA834F3E2AE7B84600245C17 /* Base */ = {isa = PBXFileReference; lastKnownFileType = file.storyboard; name = Base; path = Base.lproj/LaunchScreen.storyboard; sourceTree = "<group>"; };
		AA834F402AE7B84600245C17 /* Info.plist */ = {isa = PBXFileReference; lastKnownFileType = text.plist.xml; path = Info.plist; sourceTree = "<group>"; };
		AA834F462AE7C1A900245C17 /* ScoresController.swift */ = {isa = PBXFileReference; lastKnownFileType = sourcecode.swift; path = ScoresController.swift; sourceTree = "<group>"; };
		AA834F482AE7D3D400245C17 /* GamesController.swift */ = {isa = PBXFileReference; lastKnownFileType = sourcecode.swift; path = GamesController.swift; sourceTree = "<group>"; };
		AA834F4E2AE7DFF100245C17 /* HomePageController.swift */ = {isa = PBXFileReference; lastKnownFileType = sourcecode.swift; path = HomePageController.swift; sourceTree = "<group>"; };
		AA834F532AE7FA0E00245C17 /* SegueKeys.swift */ = {isa = PBXFileReference; lastKnownFileType = sourcecode.swift; path = SegueKeys.swift; sourceTree = "<group>"; };
		AA834F552AE7FB0900245C17 /* TextConstants.swift */ = {isa = PBXFileReference; lastKnownFileType = sourcecode.swift; path = TextConstants.swift; sourceTree = "<group>"; };
		AA834F582AE7FD1700245C17 /* Alert.swift */ = {isa = PBXFileReference; lastKnownFileType = sourcecode.swift; path = Alert.swift; sourceTree = "<group>"; };
/* End PBXFileReference section */

/* Begin PBXFrameworksBuildPhase section */
		AA834F292AE7B84500245C17 /* Frameworks */ = {
			isa = PBXFrameworksBuildPhase;
			buildActionMask = 2147483647;
			files = (
			);
			runOnlyForDeploymentPostprocessing = 0;
		};
/* End PBXFrameworksBuildPhase section */

/* Begin PBXGroup section */
		AA2319092AE84D3200F17632 /* Controller */ = {
			isa = PBXGroup;
			children = (
				AA834F4E2AE7DFF100245C17 /* HomePageController.swift */,
				AA834F462AE7C1A900245C17 /* ScoresController.swift */,
				AA834F482AE7D3D400245C17 /* GamesController.swift */,
			);
			path = Controller;
			sourceTree = "<group>";
		};
		AA834F232AE7B84500245C17 = {
			isa = PBXGroup;
			children = (
				AA834F2E2AE7B84500245C17 /* CatchKenny */,
				AA834F2D2AE7B84500245C17 /* Products */,
			);
			sourceTree = "<group>";
		};
		AA834F2D2AE7B84500245C17 /* Products */ = {
			isa = PBXGroup;
			children = (
				AA834F2C2AE7B84500245C17 /* CatchKenny.app */,
			);
			name = Products;
			sourceTree = "<group>";
		};
		AA834F2E2AE7B84500245C17 /* CatchKenny */ = {
			isa = PBXGroup;
			children = (
				AA2319092AE84D3200F17632 /* Controller */,
				AA834F572AE7FCF700245C17 /* Common */,
				AA834F502AE7F9BB00245C17 /* Constants */,
				AA834F2F2AE7B84500245C17 /* AppDelegate.swift */,
				AA834F312AE7B84500245C17 /* SceneDelegate.swift */,
				AA834F352AE7B84500245C17 /* Main.storyboard */,
				AA834F3B2AE7B84600245C17 /* Assets.xcassets */,
				AA834F3D2AE7B84600245C17 /* LaunchScreen.storyboard */,
				AA834F402AE7B84600245C17 /* Info.plist */,
				AA834F382AE7B84500245C17 /* CatchKenny.xcdatamodeld */,
			);
			path = CatchKenny;
			sourceTree = "<group>";
		};
		AA834F502AE7F9BB00245C17 /* Constants */ = {
			isa = PBXGroup;
			children = (
				AA834F532AE7FA0E00245C17 /* SegueKeys.swift */,
				AA834F552AE7FB0900245C17 /* TextConstants.swift */,
				AA306FBE2AE81BD400946FAA /* ScoreKeys.swift */,
			);
			path = Constants;
			sourceTree = "<group>";
		};
		AA834F572AE7FCF700245C17 /* Common */ = {
			isa = PBXGroup;
			children = (
				AA834F582AE7FD1700245C17 /* Alert.swift */,
			);
			path = Common;
			sourceTree = "<group>";
		};
/* End PBXGroup section */

/* Begin PBXNativeTarget section */
		AA834F2B2AE7B84500245C17 /* CatchKenny */ = {
			isa = PBXNativeTarget;
			buildConfigurationList = AA834F432AE7B84600245C17 /* Build configuration list for PBXNativeTarget "CatchKenny" */;
			buildPhases = (
				AA834F282AE7B84500245C17 /* Sources */,
				AA834F292AE7B84500245C17 /* Frameworks */,
				AA834F2A2AE7B84500245C17 /* Resources */,
			);
			buildRules = (
			);
			dependencies = (
			);
			name = CatchKenny;
			productName = CatchKenny;
			productReference = AA834F2C2AE7B84500245C17 /* CatchKenny.app */;
			productType = "com.apple.product-type.application";
		};
/* End PBXNativeTarget section */

/* Begin PBXProject section */
		AA834F242AE7B84500245C17 /* Project object */ = {
			isa = PBXProject;
			attributes = {
				BuildIndependentTargetsInParallel = 1;
				LastSwiftUpdateCheck = 1500;
				LastUpgradeCheck = 1500;
				TargetAttributes = {
					AA834F2B2AE7B84500245C17 = {
						CreatedOnToolsVersion = 15.0.1;
					};
				};
			};
			buildConfigurationList = AA834F272AE7B84500245C17 /* Build configuration list for PBXProject "CatchKenny" */;
			compatibilityVersion = "Xcode 14.0";
			developmentRegion = en;
			hasScannedForEncodings = 0;
			knownRegions = (
				en,
				Base,
			);
			mainGroup = AA834F232AE7B84500245C17;
			productRefGroup = AA834F2D2AE7B84500245C17 /* Products */;
			projectDirPath = "";
			projectRoot = "";
			targets = (
				AA834F2B2AE7B84500245C17 /* CatchKenny */,
			);
		};
/* End PBXProject section */

/* Begin PBXResourcesBuildPhase section */
		AA834F2A2AE7B84500245C17 /* Resources */ = {
			isa = PBXResourcesBuildPhase;
			buildActionMask = 2147483647;
			files = (
				AA834F3F2AE7B84600245C17 /* LaunchScreen.storyboard in Resources */,
				AA834F3C2AE7B84600245C17 /* Assets.xcassets in Resources */,
				AA834F372AE7B84500245C17 /* Main.storyboard in Resources */,
			);
			runOnlyForDeploymentPostprocessing = 0;
		};
/* End PBXResourcesBuildPhase section */

/* Begin PBXSourcesBuildPhase section */
		AA834F282AE7B84500245C17 /* Sources */ = {
			isa = PBXSourcesBuildPhase;
			buildActionMask = 2147483647;
			files = (
				AA834F592AE7FD1700245C17 /* Alert.swift in Sources */,
				AA834F562AE7FB0900245C17 /* TextConstants.swift in Sources */,
				AA834F302AE7B84500245C17 /* AppDelegate.swift in Sources */,
				AA834F4F2AE7DFF100245C17 /* HomePageController.swift in Sources */,
				AA834F322AE7B84500245C17 /* SceneDelegate.swift in Sources */,
				AA306FBF2AE81BD400946FAA /* ScoreKeys.swift in Sources */,
				AA834F492AE7D3D400245C17 /* GamesController.swift in Sources */,
				AA834F542AE7FA0E00245C17 /* SegueKeys.swift in Sources */,
				AA834F3A2AE7B84500245C17 /* CatchKenny.xcdatamodeld in Sources */,
				AA834F472AE7C1A900245C17 /* ScoresController.swift in Sources */,
			);
			runOnlyForDeploymentPostprocessing = 0;
		};
/* End PBXSourcesBuildPhase section */

/* Begin PBXVariantGroup section */
		AA834F352AE7B84500245C17 /* Main.storyboard */ = {
			isa = PBXVariantGroup;
			children = (
				AA834F362AE7B84500245C17 /* Base */,
			);
			name = Main.storyboard;
			sourceTree = "<group>";
		};
		AA834F3D2AE7B84600245C17 /* LaunchScreen.storyboard */ = {
			isa = PBXVariantGroup;
			children = (
				AA834F3E2AE7B84600245C17 /* Base */,
			);
			name = LaunchScreen.storyboard;
			sourceTree = "<group>";
		};
/* End PBXVariantGroup section */

/* Begin XCBuildConfiguration section */
		AA834F412AE7B84600245C17 /* Debug */ = {
			isa = XCBuildConfiguration;
			buildSettings = {
				ALWAYS_SEARCH_USER_PATHS = NO;
				ASSETCATALOG_COMPILER_GENERATE_SWIFT_ASSET_SYMBOL_EXTENSIONS = YES;
				CLANG_ANALYZER_NONNULL = YES;
				CLANG_ANALYZER_NUMBER_OBJECT_CONVERSION = YES_AGGRESSIVE;
				CLANG_CXX_LANGUAGE_STANDARD = "gnu++20";
				CLANG_ENABLE_MODULES = YES;
				CLANG_ENABLE_OBJC_ARC = YES;
				CLANG_ENABLE_OBJC_WEAK = YES;
				CLANG_WARN_BLOCK_CAPTURE_AUTORELEASING = YES;
				CLANG_WARN_BOOL_CONVERSION = YES;
				CLANG_WARN_COMMA = YES;
				CLANG_WARN_CONSTANT_CONVERSION = YES;
				CLANG_WARN_DEPRECATED_OBJC_IMPLEMENTATIONS = YES;
				CLANG_WARN_DIRECT_OBJC_ISA_USAGE = YES_ERROR;
				CLANG_WARN_DOCUMENTATION_COMMENTS = YES;
				CLANG_WARN_EMPTY_BODY = YES;
				CLANG_WARN_ENUM_CONVERSION = YES;
				CLANG_WARN_INFINITE_RECURSION = YES;
				CLANG_WARN_INT_CONVERSION = YES;
				CLANG_WARN_NON_LITERAL_NULL_CONVERSION = YES;
				CLANG_WARN_OBJC_IMPLICIT_RETAIN_SELF = YES;
				CLANG_WARN_OBJC_LITERAL_CONVERSION = YES;
				CLANG_WARN_OBJC_ROOT_CLASS = YES_ERROR;
				CLANG_WARN_QUOTED_INCLUDE_IN_FRAMEWORK_HEADER = YES;
				CLANG_WARN_RANGE_LOOP_ANALYSIS = YES;
				CLANG_WARN_STRICT_PROTOTYPES = YES;
				CLANG_WARN_SUSPICIOUS_MOVE = YES;
				CLANG_WARN_UNGUARDED_AVAILABILITY = YES_AGGRESSIVE;
				CLANG_WARN_UNREACHABLE_CODE = YES;
				CLANG_WARN__DUPLICATE_METHOD_MATCH = YES;
				COPY_PHASE_STRIP = NO;
				DEBUG_INFORMATION_FORMAT = dwarf;
				ENABLE_STRICT_OBJC_MSGSEND = YES;
				ENABLE_TESTABILITY = YES;
				ENABLE_USER_SCRIPT_SANDBOXING = YES;
				GCC_C_LANGUAGE_STANDARD = gnu17;
				GCC_DYNAMIC_NO_PIC = NO;
				GCC_NO_COMMON_BLOCKS = YES;
				GCC_OPTIMIZATION_LEVEL = 0;
				GCC_PREPROCESSOR_DEFINITIONS = (
					"DEBUG=1",
					"$(inherited)",
				);
				GCC_WARN_64_TO_32_BIT_CONVERSION = YES;
				GCC_WARN_ABOUT_RETURN_TYPE = YES_ERROR;
				GCC_WARN_UNDECLARED_SELECTOR = YES;
				GCC_WARN_UNINITIALIZED_AUTOS = YES_AGGRESSIVE;
				GCC_WARN_UNUSED_FUNCTION = YES;
				GCC_WARN_UNUSED_VARIABLE = YES;
				IPHONEOS_DEPLOYMENT_TARGET = 17.0;
				LOCALIZATION_PREFERS_STRING_CATALOGS = YES;
				MTL_ENABLE_DEBUG_INFO = INCLUDE_SOURCE;
				MTL_FAST_MATH = YES;
				ONLY_ACTIVE_ARCH = YES;
				SDKROOT = iphoneos;
				SWIFT_ACTIVE_COMPILATION_CONDITIONS = "DEBUG $(inherited)";
				SWIFT_OPTIMIZATION_LEVEL = "-Onone";
			};
			name = Debug;
		};
		AA834F422AE7B84600245C17 /* Release */ = {
			isa = XCBuildConfiguration;
			buildSettings = {
				ALWAYS_SEARCH_USER_PATHS = NO;
				ASSETCATALOG_COMPILER_GENERATE_SWIFT_ASSET_SYMBOL_EXTENSIONS = YES;
				CLANG_ANALYZER_NONNULL = YES;
				CLANG_ANALYZER_NUMBER_OBJECT_CONVERSION = YES_AGGRESSIVE;
				CLANG_CXX_LANGUAGE_STANDARD = "gnu++20";
				CLANG_ENABLE_MODULES = YES;
				CLANG_ENABLE_OBJC_ARC = YES;
				CLANG_ENABLE_OBJC_WEAK = YES;
				CLANG_WARN_BLOCK_CAPTURE_AUTORELEASING = YES;
				CLANG_WARN_BOOL_CONVERSION = YES;
				CLANG_WARN_COMMA = YES;
				CLANG_WARN_CONSTANT_CONVERSION = YES;
				CLANG_WARN_DEPRECATED_OBJC_IMPLEMENTATIONS = YES;
				CLANG_WARN_DIRECT_OBJC_ISA_USAGE = YES_ERROR;
				CLANG_WARN_DOCUMENTATION_COMMENTS = YES;
				CLANG_WARN_EMPTY_BODY = YES;
				CLANG_WARN_ENUM_CONVERSION = YES;
				CLANG_WARN_INFINITE_RECURSION = YES;
				CLANG_WARN_INT_CONVERSION = YES;
				CLANG_WARN_NON_LITERAL_NULL_CONVERSION = YES;
				CLANG_WARN_OBJC_IMPLICIT_RETAIN_SELF = YES;
				CLANG_WARN_OBJC_LITERAL_CONVERSION = YES;
				CLANG_WARN_OBJC_ROOT_CLASS = YES_ERROR;
				CLANG_WARN_QUOTED_INCLUDE_IN_FRAMEWORK_HEADER = YES;
				CLANG_WARN_RANGE_LOOP_ANALYSIS = YES;
				CLANG_WARN_STRICT_PROTOTYPES = YES;
				CLANG_WARN_SUSPICIOUS_MOVE = YES;
				CLANG_WARN_UNGUARDED_AVAILABILITY = YES_AGGRESSIVE;
				CLANG_WARN_UNREACHABLE_CODE = YES;
				CLANG_WARN__DUPLICATE_METHOD_MATCH = YES;
				COPY_PHASE_STRIP = NO;
				DEBUG_INFORMATION_FORMAT = "dwarf-with-dsym";
				ENABLE_NS_ASSERTIONS = NO;
				ENABLE_STRICT_OBJC_MSGSEND = YES;
				ENABLE_USER_SCRIPT_SANDBOXING = YES;
				GCC_C_LANGUAGE_STANDARD = gnu17;
				GCC_NO_COMMON_BLOCKS = YES;
				GCC_WARN_64_TO_32_BIT_CONVERSION = YES;
				GCC_WARN_ABOUT_RETURN_TYPE = YES_ERROR;
				GCC_WARN_UNDECLARED_SELECTOR = YES;
				GCC_WARN_UNINITIALIZED_AUTOS = YES_AGGRESSIVE;
				GCC_WARN_UNUSED_FUNCTION = YES;
				GCC_WARN_UNUSED_VARIABLE = YES;
				IPHONEOS_DEPLOYMENT_TARGET = 17.0;
				LOCALIZATION_PREFERS_STRING_CATALOGS = YES;
				MTL_ENABLE_DEBUG_INFO = NO;
				MTL_FAST_MATH = YES;
				SDKROOT = iphoneos;
				SWIFT_COMPILATION_MODE = wholemodule;
				VALIDATE_PRODUCT = YES;
			};
			name = Release;
		};
		AA834F442AE7B84600245C17 /* Debug */ = {
			isa = XCBuildConfiguration;
			buildSettings = {
				ASSETCATALOG_COMPILER_APPICON_NAME = AppIcon;
				ASSETCATALOG_COMPILER_GLOBAL_ACCENT_COLOR_NAME = AccentColor;
				CODE_SIGN_STYLE = Automatic;
				CURRENT_PROJECT_VERSION = 1;
				DEVELOPMENT_TEAM = SZ3XZR398G;
				GENERATE_INFOPLIST_FILE = YES;
				INFOPLIST_FILE = CatchKenny/Info.plist;
				INFOPLIST_KEY_UIApplicationSupportsIndirectInputEvents = YES;
				INFOPLIST_KEY_UILaunchStoryboardName = LaunchScreen;
				INFOPLIST_KEY_UIMainStoryboardFile = Main;
				INFOPLIST_KEY_UISupportedInterfaceOrientations_iPad = "UIInterfaceOrientationPortrait UIInterfaceOrientationPortraitUpsideDown UIInterfaceOrientationLandscapeLeft UIInterfaceOrientationLandscapeRight";
				INFOPLIST_KEY_UISupportedInterfaceOrientations_iPhone = "UIInterfaceOrientationPortrait UIInterfaceOrientationLandscapeLeft UIInterfaceOrientationLandscapeRight";
				LD_RUNPATH_SEARCH_PATHS = (
					"$(inherited)",
					"@executable_path/Frameworks",
				);
				MARKETING_VERSION = 1.0;
				PRODUCT_BUNDLE_IDENTIFIER = com.batuhanakdemir.CatchKenny;
				PRODUCT_NAME = "$(TARGET_NAME)";
				SWIFT_EMIT_LOC_STRINGS = YES;
				SWIFT_VERSION = 5.0;
				TARGETED_DEVICE_FAMILY = "1,2";
			};
			name = Debug;
		};
		AA834F452AE7B84600245C17 /* Release */ = {
			isa = XCBuildConfiguration;
			buildSettings = {
				ASSETCATALOG_COMPILER_APPICON_NAME = AppIcon;
				ASSETCATALOG_COMPILER_GLOBAL_ACCENT_COLOR_NAME = AccentColor;
				CODE_SIGN_STYLE = Automatic;
				CURRENT_PROJECT_VERSION = 1;
				DEVELOPMENT_TEAM = SZ3XZR398G;
				GENERATE_INFOPLIST_FILE = YES;
				INFOPLIST_FILE = CatchKenny/Info.plist;
				INFOPLIST_KEY_UIApplicationSupportsIndirectInputEvents = YES;
				INFOPLIST_KEY_UILaunchStoryboardName = LaunchScreen;
				INFOPLIST_KEY_UIMainStoryboardFile = Main;
				INFOPLIST_KEY_UISupportedInterfaceOrientations_iPad = "UIInterfaceOrientationPortrait UIInterfaceOrientationPortraitUpsideDown UIInterfaceOrientationLandscapeLeft UIInterfaceOrientationLandscapeRight";
				INFOPLIST_KEY_UISupportedInterfaceOrientations_iPhone = "UIInterfaceOrientationPortrait UIInterfaceOrientationLandscapeLeft UIInterfaceOrientationLandscapeRight";
				LD_RUNPATH_SEARCH_PATHS = (
					"$(inherited)",
					"@executable_path/Frameworks",
				);
				MARKETING_VERSION = 1.0;
				PRODUCT_BUNDLE_IDENTIFIER = com.batuhanakdemir.CatchKenny;
				PRODUCT_NAME = "$(TARGET_NAME)";
				SWIFT_EMIT_LOC_STRINGS = YES;
				SWIFT_VERSION = 5.0;
				TARGETED_DEVICE_FAMILY = "1,2";
			};
			name = Release;
		};
/* End XCBuildConfiguration section */

/* Begin XCConfigurationList section */
		AA834F272AE7B84500245C17 /* Build configuration list for PBXProject "CatchKenny" */ = {
			isa = XCConfigurationList;
			buildConfigurations = (
				AA834F412AE7B84600245C17 /* Debug */,
				AA834F422AE7B84600245C17 /* Release */,
			);
			defaultConfigurationIsVisible = 0;
			defaultConfigurationName = Release;
		};
		AA834F432AE7B84600245C17 /* Build configuration list for PBXNativeTarget "CatchKenny" */ = {
			isa = XCConfigurationList;
			buildConfigurations = (
				AA834F442AE7B84600245C17 /* Debug */,
				AA834F452AE7B84600245C17 /* Release */,
			);
			defaultConfigurationIsVisible = 0;
			defaultConfigurationName = Release;
		};
/* End XCConfigurationList section */

/* Begin XCVersionGroup section */
		AA834F382AE7B84500245C17 /* CatchKenny.xcdatamodeld */ = {
			isa = XCVersionGroup;
			children = (
				AA834F392AE7B84500245C17 /* CatchKenny.xcdatamodel */,
			);
			currentVersion = AA834F392AE7B84500245C17 /* CatchKenny.xcdatamodel */;
			path = CatchKenny.xcdatamodeld;
			sourceTree = "<group>";
			versionGroupType = wrapper.xcdatamodel;
		};
/* End XCVersionGroup section */
	};
	rootObject = AA834F242AE7B84500245C17 /* Project object */;
}
